{
  "lockfileVersion": 2,
  "configVersion": 1,
  "workspaces": {
    "": {
      "name": "rosiediscordbot",
      "dependencies": {
        "@comfyorg/sdk": "^0.4.0",
        "@discordjs/voice": "^0.19.2",
        "discord.js": "^14.27.0",
        "openai": "^7.18.0",
        "sodium-native": "^5.1.0",
      },
      "devDependencies": {
        "@types/bun": "latest",
      },
      "peerDependencies": {
        "typescript": "^6",
      },
    },
  },
  "packages": {
    "@comfyorg/sdk": ["@comfyorg/sdk@0.4.0", "", { "dependencies": { "eventsource-parser": "^4.1.0", "hash-wasm": "^4.11.0", "zod": "^4.4.3" } }, "sha512-4r1MVZXKuN04raWF5HsB7hDSqAOuDdZPEXnriOrXSgoTAVRNR9uE7NfWu0HI3NFK7LMa8oaU5f7QRKNcW4hgnw=="],

    "@discordjs/builders": ["@discordjs/builders@1.14.1", "", { "dependencies": { "@discordjs/formatters": "^0.6.2", "@discordjs/util": "^1.2.0", "@sapphire/shapeshift": "^4.0.0", "discord-api-types": "^0.38.40", "fast-deep-equal": "^3.1.3", "ts-mixer": "^6.0.4", "tslib": "^2.6.3" } }, "sha512-gSKkhXLqs96TCzk66VZuHHl8z2bQMJFGwrXC0f33ngK+FLNau4hU1PYny3DNJfNdSH+gVMzE85/d5FQ2BpcNwQ=="],

    "@discordjs/collection": ["@discordjs/collection@1.5.3", "", {}, "sha512-SVb428OMd3WO1paV3rm6tSjM4wC+Kecaa1EUGX7vc6/fddvw/6lg90z4QtCqm21zvVe92vMMDt9+DkIvjXImQQ=="],

    "@discordjs/formatters": ["@discordjs/formatters@0.6.2", "", { "dependencies": { "discord-api-types": "^0.38.33" } }, "sha512-y4UPwWhH6vChKRkGdMB4odasUbHOUwy7KL+OVwF86PvT6QVOwElx+TiI1/6kcmcEe+g5YRXJFiXSXUdabqZOvQ=="],

    "@discordjs/rest": ["@discordjs/rest@2.6.3", "", { "dependencies": { "@discordjs/collection": "^2.1.1", "@discordjs/util": "^1.2.0", "@sapphire/async-queue": "^1.5.3", "@sapphire/snowflake": "^3.5.5", "@vladfrangu/async_event_emitter": "^2.4.6", "discord-api-types": "^0.38.50", "magic-bytes.js": "^1.13.0", "tslib": "^2.6.3", "undici": "^6.27.0" } }, "sha512-wvOylxNYJkwKjctS/Mn5GP1w9r3/rzyH+ThD1JlAca6zEdlHs8QWBBUQJpU5Q+W6DoIj/Ljh1IPlZs7hTU+UAg=="],

    "@discordjs/util": ["@discordjs/util@1.2.0", "", { "dependencies": { "discord-api-types": "^0.38.33" } }, "sha512-3LKP7F2+atl9vJFhaBjn4nOaSWahZ/yWjOvA4e5pnXkt2qyXRCHLxoBQy81GFtLGCq7K9lPm9R517M1U+/90Qg=="],

    "@discordjs/voice": ["@discordjs/voice@0.19.2", "", { "dependencies": { "@snazzah/davey": "^0.1.9", "@types/ws": "^8.18.1", "discord-api-types": "^0.38.41", "prism-media": "^1.3.5", "tslib": "^2.8.1", "ws": "^8.19.0" } }, "sha512-3yJ255e4ag3wfZu/DSxeOZK1UtnqNxnspmLaQetGT0pDkThNZoHs+Zg6dgZZ19JEVomXygvfHn9lNpICZuYtEA=="],

    "@discordjs/ws": ["@discordjs/ws@1.2.3", "", { "dependencies": { "@discordjs/collection": "^2.1.0", "@discordjs/rest": "^2.5.1", "@discordjs/util": "^1.1.0", "@sapphire/async-queue": "^1.5.2", "@types/ws": "^8.5.10", "@vladfrangu/async_event_emitter": "^2.2.4", "discord-api-types": "^0.38.1", "tslib": "^2.6.2", "ws": "^8.17.0" } }, "sha512-wPlQDxEmlDg5IxhJPuxXr3Vy9AjYq5xCvFWGJyD7w7Np8ZGu+Mc+97LCoEc/+AYCo2IDpKioiH0/c/mj5ZR9Uw=="],

    "@emnapi/core": ["@emnapi/core@1.11.3", "", { "dependencies": { "@emnapi/wasi-threads": "1.2.3", "tslib": "^2.4.0" } }, "sha512-zLpS5asjEb7lq8jYLq37N6XKaE41DIexlY1rF/z4/tIl3wo13Sqm28fRyfIsKZD+NZ8mM5RoKkpW/rBcuoSZSg=="],

    "@emnapi/runtime": ["@emnapi/runtime@1.11.3", "", { "dependencies": { "tslib": "^2.4.0" } }, "sha512-Xz4Tpyki7XyrpbUK1jR1AhdAdaXyhhY4lZ3neLodmhpuWfy2PAQN5B46sAiU4liOXGLkHypn/qU+jvfWSCYYLA=="],

    "@emnapi/wasi-threads": ["@emnapi/wasi-threads@1.2.3", "", { "dependencies": { "tslib": "^2.4.0" } }, "sha512-ELEBe8PsLvvJ6QMr0zLt8ffvOHW/dc1m3CEzNMg7aJUv3bMaoDtw2TXyDAwkYBuroxxuHEwhRTLJSe5sya547g=="],

    "@napi-rs/wasm-runtime": ["@napi-rs/wasm-runtime@1.2.4", "", { "dependencies": { "@tybys/wasm-util": "^0.10.3" }, "peerDependencies": { "@emnapi/core": "^1.7.1 || ^2.0.0-alpha.4", "@emnapi/runtime": "^1.7.1 || ^2.0.0-alpha.4" } }, "sha512-AJxoUD2/15ESHbvpcyjU274nsAPLuOtPHCk0vKJM5pj//Fg/B1FXNWjPnXTT9PymCYYiHo4zPj0ZomXBKhoy7g=="],

    "@sapphire/async-queue": ["@sapphire/async-queue@1.5.5", "", {}, "sha512-cvGzxbba6sav2zZkH8GPf2oGk9yYoD5qrNWdu9fRehifgnFZJMV+nuy2nON2roRO4yQQ+v7MK/Pktl/HgfsUXg=="],

    "@sapphire/shapeshift": ["@sapphire/shapeshift@4.0.0", "", { "dependencies": { "fast-deep-equal": "^3.1.3", "lodash": "^4.17.21" } }, "sha512-d9dUmWVA7MMiKobL3VpLF8P2aeanRTu6ypG2OIaEv/ZHH/SUQ2iHOVyi5wAPjQ+HmnMuL0whK9ez8I/raWbtIg=="],

    "@sapphire/snowflake": ["@sapphire/snowflake@3.5.5", "", {}, "sha512-xzvBr1Q1c4lCe7i6sRnrofxeO1QTP/LKQ6A6qy0iB4x5yfiSfARMEQEghojzTNALDTcv8En04qYNIco9/K9eZQ=="],

    "@snazzah/davey": ["@snazzah/davey@0.1.12", "", { "optionalDependencies": { "@snazzah/davey-android-arm-eabi": "0.1.12", "@snazzah/davey-android-arm64": "0.1.12", "@snazzah/davey-darwin-arm64": "0.1.12", "@snazzah/davey-darwin-x64": "0.1.12", "@snazzah/davey-freebsd-x64": "0.1.12", "@snazzah/davey-linux-arm-gnueabihf": "0.1.12", "@snazzah/davey-linux-arm64-gnu": "0.1.12", "@snazzah/davey-linux-arm64-musl": "0.1.12", "@snazzah/davey-linux-x64-gnu": "0.1.12", "@snazzah/davey-linux-x64-musl": "0.1.12", "@snazzah/davey-wasm32-wasi": "0.1.12", "@snazzah/davey-win32-arm64-msvc": "0.1.12", "@snazzah/davey-win32-ia32-msvc": "0.1.12", "@snazzah/davey-win32-x64-msvc": "0.1.12" } }, "sha512-V+NlX5931RwVamZhhEfZekMdcvXDKdMAmHW1AuGaykVQsNyBOq3bpmGpoKRBDCYgFWKIufJ0Dcg3m4cYhvUy6g=="],

    "@snazzah/davey-android-arm-eabi": ["@snazzah/davey-android-arm-eabi@0.1.12", "", { "os": "android", "cpu": "arm" }, "sha512-6VC/an+Sx5dI5skb+90rYcIB1jhm48Rl0nDaw0UNT4bz1rMjpVfmmZqeocYXMq96IdbBMlE6OTKGcBm2C3gkQg=="],

    "@snazzah/davey-android-arm64": ["@snazzah/davey-android-arm64@0.1.12", "", { "os": "android", "cpu": "arm64" }, "sha512-0Bwd03/JsTFhlPhF4q/LW0RxSzntFpQdhz+TBdFljYSg8IEyA38saPJeTNjpIgDfhAumPzvhCdfS6O5qT8yXDw=="],

    "@snazzah/davey-darwin-arm64": ["@snazzah/davey-darwin-arm64@0.1.12", "", { "os": "darwin", "cpu": "arm64" }, "sha512-lKMV6ITi9BQLt0fx/pAT7M8xcojVK7bryVJGdaW3bq8gABFslS3ti/KzrWabQvhpEV71FZe5mV0UcKHFVaTsZw=="],

    "@snazzah/davey-darwin-x64": ["@snazzah/davey-darwin-x64@0.1.12", "", { "os": "darwin", "cpu": "x64" }, "sha512-vXXc/eW/e3TQeb7VsdtrPqs3/22j0aSqiP1ZXmZtDjQRBwgSxwItWYa6sh5MELP2EHB2igNlGzB6Hc0XlbGi4g=="],

    "@snazzah/davey-freebsd-x64": ["@snazzah/davey-freebsd-x64@0.1.12", "", { "os": "freebsd", "cpu": "x64" }, "sha512-G1gas5HrC4Xp3mRY0+OeAqXS6fG2tRgBEc8gQh69Hw4YK9RV9mzQKcmoKMkBM72U1+2C+2u57dolnKKzwozByQ=="],

    "@snazzah/davey-linux-arm-gnueabihf": ["@snazzah/davey-linux-arm-gnueabihf@0.1.12", "", { "os": "linux", "cpu": "arm" }, "sha512-97Fujh82r2Ll7dPZeNuoZ3yKfsqycf3c93OWXOo/ThNL/18Onl2Ht4SIvpX6VHhfeS9bDpHJ1lHCaz1b/i5ocw=="],

    "@snazzah/davey-linux-arm64-gnu": ["@snazzah/davey-linux-arm64-gnu@0.1.12", "", { "os": "linux", "cpu": "arm64" }, "sha512-FWyAOv52cHKDM4BOsmImKKogHFvqNFoXmZcicNJbX3XpVl8Mas88ZoXQ+IA5V+qc9pNtAl1MbWwEZ9JrqAQtbg=="],

    "@snazzah/davey-linux-arm64-musl": ["@snazzah/davey-linux-arm64-musl@0.1.12", "", { "os": "linux", "cpu": "arm64" }, "sha512-ptRbLSQxtV6EjXppS5z7qaPDI0NRKhrkJYsTlAjEghmOvlAObozSCYYnMO6nbkt6Ab3+lWqyahClzcRNcD2ouw=="],

    "@snazzah/davey-linux-x64-gnu": ["@snazzah/davey-linux-x64-gnu@0.1.12", "", { "os": "linux", "cpu": "x64" }, "sha512-w86fZvhJn0ErOoAQHt2UbQ95V/cgwvfvQ4GlTPQLCzt58nn+rLlXLgPn90qYlSQrZxFW38rKXwqVOMbm9p+pwQ=="],

    "@snazzah/davey-linux-x64-musl": ["@snazzah/davey-linux-x64-musl@0.1.12", "", { "os": "linux", "cpu": "x64" }, "sha512-LLNnO+hfG41ymeI+O1YHo5/0h3aKaetUNLdkBwpdJsjoyKMXZaeCnB+aHNkkupJCMPmWS0g6iPMCHUOqZSBcTg=="],

    "@snazzah/davey-wasm32-wasi": ["@snazzah/davey-wasm32-wasi@0.1.12", "", { "dependencies": { "@napi-rs/wasm-runtime": "^1.1.5" }, "cpu": "none" }, "sha512-MPKFuqYVkDFXheR7qmtEY4FWxQ/ADfgsCojQWHi13sibUqCTR9q2F1LqNn2i9IVh3sh1sxeg87fdFMCH63pl7g=="],

    "@snazzah/davey-win32-arm64-msvc": ["@snazzah/davey-win32-arm64-msvc@0.1.12", "", { "os": "win32", "cpu": "arm64" }, "sha512-Uf4OYHyfbXpzyaOqIV8/h6kv166Qni5+Bxmc1E/ov4uhhKO8qXbOky8zbVOzu0U4cv5ll3s4IQ8jDAJkx/K75Q=="],

    "@snazzah/davey-win32-ia32-msvc": ["@snazzah/davey-win32-ia32-msvc@0.1.12", "", { "os": "win32", "cpu": "ia32" }, "sha512-nRVbKTsb2ldcPI8D4BDA7P/UeiMEMvR+wYuUMp7H1pRD/3dF2hKo+MzUU+Pn78EhuYA3CWHItiAcS/GsPld67A=="],

    "@snazzah/davey-win32-x64-msvc": ["@snazzah/davey-win32-x64-msvc@0.1.12", "", { "os": "win32", "cpu": "x64" }, "sha512-AgUA3itPDVkxQq7RIkgE1thCiWePwWjyfOZefBBxGIlMWpRUOSwF4vY9kNLnrScyJcFULdR+Zm8PwiwV8/RKnw=="],

    "@tybys/wasm-util": ["@tybys/wasm-util@0.10.4", "", { "dependencies": { "tslib": "^2.4.0" } }, "sha512-W3c4gRigFS0T/Ma4qIYF3GDAc5AQdHb1yL5znJT1Zv1YaD9Kitx656wBjvr19qbiosmZT8lWDM5BEMynUqX65A=="],

    "@types/bun": ["@types/bun@1.4.2", "", { "dependencies": { "bun-types": "1.4.2" } }, "sha512-GimotNn7+ZV0uVArItBbriZsR1oNf0+WTzPkdcFrzShI7k2norL0uzEaJT8T33dWr7O/c9ZDuAFQrctKCi72oQ=="],

    "@types/node": ["@types/node@26.6.1", "", { "dependencies": { "undici-types": "~8.9.0" } }, "sha512-VqGJBMCtdhqkBUCcBLvywI0NJ+KLuVzgNnlBUNFOQjqVxzo2lxLUNg1DSey8+u2u6ktswSAxg+s68QLzWHNOuA=="],

    "@types/ws": ["@types/ws@8.18.1", "", { "dependencies": { "@types/node": "*" } }, "sha512-ThVF6DCVhA8kUGy+aazFQ4kXQ7E1Ty7A3ypFOe0IcJV8O/M511G99AW24irKrW56Wt44yG9+ij8FaqoBGkuBXg=="],

    "@vladfrangu/async_event_emitter": ["@vladfrangu/async_event_emitter@2.4.7", "", {}, "sha512-Xfe6rpCTxSxfbswi/W/Pz7zp1WWSNn4A0eW4mLkQUewCrXXtMj31lCg+iQyTkh/CkusZSq9eDflu7tjEDXUY6g=="],

    "b4a": ["b4a@1.9.0", "", { "peerDependencies": { "react-native-b4a": "*" }, "optionalPeers": ["react-native-b4a"] }, "sha512-dpfcF9fDNR6++cthXR67iyhgqWy9CBouAvIWhIntzBG6cvK/cnIPiZQjBwi/ZqjjBEDGfoNDtmB0kTjroOJ3pQ=="],

    "bare-addon-resolve": ["bare-addon-resolve@1.10.1", "", { "dependencies": { "bare-module-resolve": "^1.10.0", "bare-semver": "^1.0.0" }, "peerDependencies": { "bare-url": "*" }, "optionalPeers": ["bare-url"] }, "sha512-F/SD2du8keuYSb4xipnGz5j2E6yhNdHA8ZVxtHae6h2uOrpBIjjbhXvjzKZbr5XUOzqBzh/i8GVFycj2DlFQIA=="],

    "bare-ansi-escapes": ["bare-ansi-escapes@2.2.3", "", { "dependencies": { "bare-stream": "^2.6.5" }, "peerDependencies": { "bare-buffer": "*" }, "optionalPeers": ["bare-buffer"] }, "sha512-02ES4/E2RbrtZSnHJ9LntBhYkLA6lPpSEeP8iqS3MccBIVhVBlEmruF1I7HZqx5Q8aiTeYfQVeqmrU9YO2yYoQ=="],

    "bare-assert": ["bare-assert@1.2.0", "", { "dependencies": { "bare-inspect": "^3.1.2" } }, "sha512-c6uvgvTJBspTDxtVnPgrBKmLgcpW3Fp72NVKDLg6oT4QjQbhGtvrkHMhGYMK1sh4vjBHOBmuUalyt9hSzV37fQ=="],

    "bare-events": ["bare-events@2.9.2", "", { "peerDependencies": { "bare-abort-controller": "*" }, "optionalPeers": ["bare-abort-controller"] }, "sha512-AIPKioV7/Y/8KfZ3AAhjPJxLLbY49S64Ym5DakZlUg75qQiTgUq9hEJoEwa4eUezPUlXRy/i5NpsKvo9jgKmoA=="],

    "bare-inspect": ["bare-inspect@3.1.10", "", { "dependencies": { "bare-ansi-escapes": "^2.1.0", "bare-type": "^1.0.0" } }, "sha512-Qu01XZNTIT2/bS9k7c6A3OXuAzBnWwDCejGri76BUltdFqVe6Et/IxVOSSbcDpreSSWwqQ5pAu/bxFE6hPDWRQ=="],

    "bare-module-resolve": ["bare-module-resolve@1.12.5", "", { "dependencies": { "bare-semver": "^1.0.0" }, "peerDependencies": { "bare-url": "*" }, "optionalPeers": ["bare-url"] }, "sha512-VOncxVvVk8SQVw9vhcBnoTJD/74aR5DgdRPCm0gQ7uB5MsWpBJnoCeJrwEHKiz09O83ndf3NTjsz3LEuFxAq5A=="],

    "bare-semver": ["bare-semver@1.1.0", "", {}, "sha512-1Hw5qJ7hXdVt3uPUqjeFTuxyvBUJauvz5A1I2jk8gzjZMHp04n//6nV9MDbG9CMw78JHY2lGV0w6s//LrASm2w=="],

    "bare-stream": ["bare-stream@2.13.4", "", { "dependencies": { "b4a": "^1.8.1", "streamx": "^2.25.0", "teex": "^1.0.1" }, "peerDependencies": { "bare-abort-controller": "*", "bare-buffer": "*", "bare-events": "*" }, "optionalPeers": ["bare-abort-controller", "bare-buffer", "bare-events"] }, "sha512-PcrQ8lVLbiJscNm1Kez+Yp4Gy4AHGcN1lzwjvf5NybWen7VvEgUfyfnXYJ2zNqWnzOfCb1Abq6lH8ti0syQszA=="],

    "bare-type": ["bare-type@1.1.1", "", {}, "sha512-5HwbjDbnYr+Lwu5I59IqwOFcRcVo4jxo408t42gKhKnikw0ojwyPXPlx58AQP4dR2VvGw57ppX/qxYCn60Wujw=="],

    "bun-types": ["bun-types@1.4.2", "", { "dependencies": { "@types/node": "*" } }, "sha512-bxV1FgK7yBIzjRe5zBozIM4Bem11ZJcCXSrjWRG3YWLt8yFDePu4cLjpebO8OvPeIE9trbyPF4fuj3Cia4Fj3w=="],

    "discord-api-types": ["discord-api-types@0.38.55", "", {}, "sha512-ytuaRTzdnHUCXJ6KjL9MrItQX0xKncBKEeYI1Bst4+ud47eejH3cG6gaesYakjpPcUhh68XYS2YwGq3mmujFsA=="],

    "discord.js": ["discord.js@14.27.0", "", { "dependencies": { "@discordjs/builders": "^1.14.1", "@discordjs/collection": "1.5.3", "@discordjs/formatters": "^0.6.2", "@discordjs/rest": "^2.6.2", "@discordjs/util": "^1.2.0", "@discordjs/ws": "^1.2.3", "@sapphire/snowflake": "3.5.5", "discord-api-types": "^0.38.49", "fast-deep-equal": "3.1.3", "lodash.snakecase": "4.1.1", "magic-bytes.js": "^1.13.0", "tslib": "^2.6.3", "undici": "^6.27.0" } }, "sha512-qHbFlFG2N7y3LjPySYsL6A1+BnX6bkTVgo842EX0CqVPk/KTMwZkojPHEXKsQUpWZNyz5BISNHK1cPpQw0+m4A=="],

    "events-universal": ["events-universal@1.0.1", "", { "dependencies": { "bare-events": "^2.7.0" } }, "sha512-LUd5euvbMLpwOF8m6ivPCbhQeSiYVNb8Vs0fQ8QjXo0JTkEHpz8pxdQf0gStltaPpw0Cca8b39KxvK9cfKRiAw=="],

    "eventsource-parser": ["eventsource-parser@4.1.1", "", {}, "sha512-zaWNqeSLeyzEAAt2Q6aDBRDRk/VnPmsKqvToyGvv6aahvLv71A4Jw7jG93Hckf11zXurbqgsffvpSgKPoeU1Qw=="],

    "fast-deep-equal": ["fast-deep-equal@3.1.3", "", {}, "sha512-f3qQ9oQy9j2AhBe/H9VC91wLmKBCCU/gDOnKNAYG5hswO7BLKj09Hc5HYNz9cGI++xlpDCIgDaitVs03ATR84Q=="],

    "fast-fifo": ["fast-fifo@1.3.2", "", {}, "sha512-/d9sfos4yxzpwkDkuN7k2SqFKtYNmCTzgfEpz82x34IM9/zc8KGxQoXg1liNC/izpRM/MBdt44Nmx41ZWqk+FQ=="],

    "hash-wasm": ["hash-wasm@4.12.0", "", {}, "sha512-+/2B2rYLb48I/evdOIhP+K/DD2ca2fgBjp6O+GBEnCDk2e4rpeXIK8GvIyRPjTezgmWn9gmKwkQjjx6BtqDHVQ=="],

    "lodash": ["lodash@4.18.1", "", {}, "sha512-dMInicTPVE8d1e5otfwmmjlxkZoUpiVLwyeTdUsi/Caj/gfzzblBcCE5sRHV/AsjuCmxWrte2TNGSYuCeCq+0Q=="],

    "lodash.snakecase": ["lodash.snakecase@4.1.1", "", {}, "sha512-QZ1d4xoBHYUeuouhEq3lk3Uq7ldgyFXGBhg04+oRLnIz8o9T65Eh+8YdroUwn846zchkA9yDsDl5CVVaV2nqYw=="],

    "magic-bytes.js": ["magic-bytes.js@1.13.1", "", {}, "sha512-x5sn4UX2k5gCWlcfmoFwG4TPie8+dctESyqOBdhB5p6MsgWXdBKGmt9nXPObj/JI50TTL928lc5Yt1WntMn1bw=="],

    "openai": ["openai@7.18.0", "", { "peerDependencies": { "@aws-sdk/credential-provider-node": ">=3.972.0 <4", "@smithy/hash-node": ">=4.3.0 <5", "@smithy/signature-v4": ">=5.4.0 <6", "undici": ">=5 <9", "ws": "^8.21.0", "zod": "^3.25 || ^4.0" }, "optionalPeers": ["@aws-sdk/credential-provider-node", "@smithy/hash-node", "@smithy/signature-v4", "undici", "ws", "zod"] }, "sha512-S+xxaUf9VzIHEPDUpUFnRgvR2Ho0K1yZEaSJ8gd7xQlCNm4sdOD7/QaKWLRTYK3MK6KhwpD3cOEC0F4OPG698A=="],

    "prism-media": ["prism-media@1.3.5", "", { "peerDependencies": { "@discordjs/opus": ">=0.8.0 <1.0.0", "ffmpeg-static": "^5.0.2 || ^4.2.7 || ^3.0.0 || ^2.4.0", "node-opus": "^0.3.3", "opusscript": "^0.0.8" }, "optionalPeers": ["@discordjs/opus", "ffmpeg-static", "node-opus", "opusscript"] }, "sha512-IQdl0Q01m4LrkN1EGIE9lphov5Hy7WWlH6ulf5QdGePLlPas9p2mhgddTEHrlaXYjjFToM1/rWuwF37VF4taaA=="],

    "require-addon": ["require-addon@1.3.0", "", { "dependencies": { "bare-addon-resolve": "^1.3.0" } }, "sha512-j8pifaPNZI7ShKY3ihXZwF0qaEjua8zmlqPvDil0a8SBnyRvjCbAiEQuzO0UcoXH1sqU5U/ilXSjYd1W5NYwAA=="],

    "sodium-native": ["sodium-native@5.1.0", "", { "dependencies": { "bare-assert": "^1.2.0", "require-addon": "^1.1.0", "which-runtime": "^1.2.1" } }, "sha512-3RxgyWyJlhTsABPnJVpCI5CoTDANZTqqFrEPqr+kjfnRaBihpVtMUE3yTF40ukdoB1APXeoBNKF3MzZAIHg39g=="],

    "streamx": ["streamx@2.28.1", "", { "dependencies": { "events-universal": "^1.0.0", "fast-fifo": "^1.3.2", "text-decoder": "^1.1.0" } }, "sha512-zEzXb0s5Cds7tqMH6rhZ05lcJydCWiQPEwiNngVqzsxCc962vLY4Uw+mW7od8kDH258k2Uz/JrOkdIAAhSh9VA=="],

    "teex": ["teex@1.0.1", "", { "dependencies": { "streamx": "^2.12.5" } }, "sha512-eYE6iEI62Ni1H8oIa7KlDU6uQBtqr4Eajni3wX7rpfXD8ysFx8z0+dri+KWEPWpBsxXfxu58x/0jvTVT1ekOSg=="],

    "text-decoder": ["text-decoder@1.2.7", "", { "dependencies": { "b4a": "^1.6.4" } }, "sha512-vlLytXkeP4xvEq2otHeJfSQIRyWxo/oZGEbXrtEEF9Hnmrdly59sUbzZ/QgyWuLYHctCHxFF4tRQZNQ9k60ExQ=="],

    "ts-mixer": ["ts-mixer@6.0.4", "", {}, "sha512-ufKpbmrugz5Aou4wcr5Wc1UUFWOLhq+Fm6qa6P0w0K5Qw2yhaUoiWszhCVuNQyNwrlGiscHOmqYoAox1PtvgjA=="],

    "tslib": ["tslib@2.8.1", "", {}, "sha512-oJFu94HQb+KVduSUQL7wnpmqnfmLsOA/nAh6b6EH0wCEoK0/mPeXU6c3wKDV83MkOuHPRHtSXKKU99IBazS/2w=="],

    "typescript": ["typescript@6.0.3", "", { "bin": { "tsc": "bin/tsc", "tsserver": "bin/tsserver" } }, "sha512-y2TvuxSZPDyQakkFRPZHKFm+KKVqIisdg9/CZwm9ftvKXLP8NRWj38/ODjNbr43SsoXqNuAisEf1GdCxqWcdBw=="],

    "undici": ["undici@6.28.1", "", {}, "sha512-zWpdTVD54H48CIybL0rWQ3ukpb9d23wM7eH5RtfdmeP70cWHNjtfo7P4vZX+5CoDcO53J4Pu5uXp7lNfjc6DRA=="],

    "undici-types": ["undici-types@8.9.0", "", {}, "sha512-KTDyRTYX8sWmKXAikPHHSyc63CRPETMctyjKFupcC6OBLXT3xsN0e9aF7m+mIXutFWpUXuedtowG7iLOzp0kQg=="],

    "which-runtime": ["which-runtime@1.4.0", "", {}, "sha512-0ugbP4CJW4e2D20jvEcC4973dCgIaHI4Rw1PT+26U9zEve7FyYdWAIwUnoeOYvoCfn+wXHoHTKb1KhkYlb60Pw=="],

    "ws": ["ws@8.21.3", "", { "peerDependencies": { "bufferutil": "^4.0.1", "utf-8-validate": ">=5.0.2" }, "optionalPeers": ["bufferutil", "utf-8-validate"] }, "sha512-201TZ/kPWxoPr/OKWjquZR1SWKXcvxdH+e1xrx89b3YbmzLMFCLfnaG1HFIgWzJOEWZ7MvpK++odZufgYR50Rw=="],

    "zod": ["zod@4.6.5", "", {}, "sha512-v5l/aFXZQeai4awLbOpSoHecE9UiMrnfx75tEXLjNonXVARxQ5mOeipTjROUchszUNCqnE+hqAMujRsRHsut2Q=="],

    "@discordjs/rest/@discordjs/collection": ["@discordjs/collection@2.1.1", "", {}, "sha512-LiSusze9Tc7qF03sLCujF5iZp7K+vRNEDBZ86FT9aQAv3vxMLihUvKvpsCWiQ2DJq1tVckopKm1rxomgNUc9hg=="],

    "@discordjs/ws/@discordjs/collection": ["@discordjs/collection@2.1.1", "", {}, "sha512-LiSusze9Tc7qF03sLCujF5iZp7K+vRNEDBZ86FT9aQAv3vxMLihUvKvpsCWiQ2DJq1tVckopKm1rxomgNUc9hg=="],
  }
}
